
Microsoft Visual Studio Solution File, Format Version 12.00
# Visual Studio 14
VisualStudioVersion = 14.0.25420.1
MinimumVisualStudioVersion = 10.0.40219.1
Project("{FAE04EC0-301F-11D3-BF4B-00C04F79EFBC}") = "MyEasyUI", "MyEasyUI\MyEasyUI.csproj", "{9CBA22CA-B62B-4B7D-BCF4-9E35E2BD759F}"
EndProject
Project("{FAE04EC0-301F-11D3-BF4B-00C04F79EFBC}") = "BLL", "BLL\BLL.csproj", "{4DDC6FED-70C6-4556-B6AD-8F821BADC015}"
EndProject
Project("{FAE04EC0-301F-11D3-BF4B-00C04F79EFBC}") = "DAL", "DAL\DAL.csproj", "{AC933074-00DF-4161-9CF4-D512A6977634}"
EndProject
Project("{FAE04EC0-301F-11D3-BF4B-00C04F79EFBC}") = "Model", "Model\Model.csproj", "{908EF753-F741-4CE7-862B-A04B594E157F}"
EndProject
Project("{FAE04EC0-301F-11D3-BF4B-00C04F79EFBC}") = "DBUtility", "DBUtility\DBUtility.csproj", "{0988C62E-247F-471F-A183-DB509C7A3839}"
EndProject
Project("{FAE04EC0-301F-11D3-BF4B-00C04F79EFBC}") = "Common", "Common\Common.csproj", "{E3D8759A-C5EB-402D-9F10-F5C6029A8D1A}"
EndProject
Global
	GlobalSection(SolutionConfigurationPlatforms) = preSolution
		Debug|Any CPU = Debug|Any CPU
		Release|Any CPU = Release|Any CPU
	EndGlobalSection
	GlobalSection(ProjectConfigurationPlatforms) = postSolution
		{9CBA22CA-B62B-4B7D-BCF4-9E35E2BD759F}.Debug|Any CPU.ActiveCfg = Debug|Any CPU
		{9CBA22CA-B62B-4B7D-BCF4-9E35E2BD759F}.Debug|Any CPU.Build.0 = Debug|Any CPU
		{9CBA22CA-B62B-4B7D-BCF4-9E35E2BD759F}.Release|Any CPU.ActiveCfg = Release|Any CPU
		{9CBA22CA-B62B-4B7D-BCF4-9E35E2BD759F}.Release|Any CPU.Build.0 = Release|Any CPU
		{4DDC6FED-70C6-4556-B6AD-8F821BADC015}.Debug|Any CPU.ActiveCfg = Debug|Any CPU
		{4DDC6FED-70C6-4556-B6AD-8F821BADC015}.Debug|Any CPU.Build.0 = Debug|Any CPU
		{4DDC6FED-70C6-4556-B6AD-8F821BADC015}.Release|Any CPU.ActiveCfg = Release|Any CPU
		{4DDC6FED-70C6-4556-B6AD-8F821BADC015}.Release|Any CPU.Build.0 = Release|Any CPU
		{AC933074-00DF-4161-9CF4-D512A6977634}.Debug|Any CPU.ActiveCfg = Debug|Any CPU
		{AC933074-00DF-4161-9CF4-D512A6977634}.Debug|Any CPU.Build.0 = Debug|Any CPU
		{AC933074-00DF-4161-9CF4-D512A6977634}.Release|Any CPU.ActiveCfg = Release|Any CPU
		{AC933074-00DF-4161-9CF4-D512A6977634}.Release|Any CPU.Build.0 = Release|Any CPU
		{908EF753-F741-4CE7-862B-A04B594E157F}.Debug|Any CPU.ActiveCfg = Debug|Any CPU
		{908EF753-F741-4CE7-862B-A04B594E157F}.Debug|Any CPU.Build.0 = Debug|Any CPU
		{908EF753-F741-4CE7-862B-A04B594E157F}.Release|Any CPU.ActiveCfg = Release|Any CPU
		{908EF753-F741-4CE7-862B-A04B594E157F}.Release|Any CPU.Build.0 = Release|Any CPU
		{0988C62E-247F-471F-A183-DB509C7A3839}.Debug|Any CPU.ActiveCfg = Debug|Any CPU
		{0988C62E-247F-471F-A183-DB509C7A3839}.Debug|Any CPU.Build.0 = Debug|Any CPU
		{0988C62E-247F-471F-A183-DB509C7A3839}.Release|Any CPU.ActiveCfg = Release|Any CPU
		{0988C62E-247F-471F-A183-DB509C7A3839}.Release|Any CPU.Build.0 = Release|Any CPU
		{E3D8759A-C5EB-402D-9F10-F5C6029A8D1A}.Debug|Any CPU.ActiveCfg = Debug|Any CPU
		{E3D8759A-C5EB-402D-9F10-F5C6029A8D1A}.Debug|Any CPU.Build.0 = Debug|Any CPU
		{E3D8759A-C5EB-402D-9F10-F5C6029A8D1A}.Release|Any CPU.ActiveCfg = Release|Any CPU
		{E3D8759A-C5EB-402D-9F10-F5C6029A8D1A}.Release|Any CPU.Build.0 = Release|Any CPU
	EndGlobalSection
	GlobalSection(SolutionProperties) = preSolution
		HideSolutionNode = FALSE
	EndGlobalSection
EndGlobal
